
Microsoft Visual Studio Solution File, Format Version 12.00
# Visual Studio Version 18
VisualStudioVersion = 18.3.11426.168
MinimumVisualStudioVersion = 10.0.40219.1
Project("{F184B08F-C81C-45F6-A57F-5ABD9991F28F}") = "Project Z Application (Windows)", "..\Project Z Application\Project Z Application (Windows).vbproj", "{3A65FFAA-87FA-4166-B916-2DCCD6CE4486}"
	ProjectSection(ProjectDependencies) = postProject
		{46C25368-460F-4ADD-827E-E1D3AC90B6CF} = {46C25368-460F-4ADD-827E-E1D3AC90B6CF}
	EndProjectSection
EndProject
Project("{F184B08F-C81C-45F6-A57F-5ABD9991F28F}") = "Project Z Utilities", "..\Project Z Utilities\Project Z Utilities.vbproj", "{46C25368-460F-4ADD-827E-E1D3AC90B6CF}"
EndProject
Project("{F184B08F-C81C-45F6-A57F-5ABD9991F28F}") = "Project Z Application (Linux)", "..\Project Z Application (Linux)\Project Z Application (Linux).vbproj", "{AD37FA9E-813C-4240-8A31-2BFC6F32EF7B}"
	ProjectSection(ProjectDependencies) = postProject
		{3A65FFAA-87FA-4166-B916-2DCCD6CE4486} = {3A65FFAA-87FA-4166-B916-2DCCD6CE4486}
	EndProjectSection
EndProject
Project("{F184B08F-C81C-45F6-A57F-5ABD9991F28F}") = "Project Z Tower Defense", "..\Project Z UI Designer\Project Z Tower Defense.vbproj", "{4220B8EA-AE4E-4AEB-964F-6DE75064F4BB}"
	ProjectSection(ProjectDependencies) = postProject
		{46C25368-460F-4ADD-827E-E1D3AC90B6CF} = {46C25368-460F-4ADD-827E-E1D3AC90B6CF}
	EndProjectSection
EndProject
Project("{F184B08F-C81C-45F6-A57F-5ABD9991F28F}") = "Project Z Audio", "..\Project Z Audio\Project Z Audio.vbproj", "{2DB98433-E82D-467F-AE70-F1727F825055}"
EndProject
Project("{F184B08F-C81C-45F6-A57F-5ABD9991F28F}") = "Project Z Extensions", "..\Project Z Extensions\Project Z Extensions.vbproj", "{52DEC503-6D90-4C1C-94CC-0FAF66BA94BD}"
EndProject
Project("{FAE04EC0-301F-11D3-BF4B-00C04F79EFBC}") = "Project Z Windows (C#)", "..\Project Z Windows (C#)\Project Z Windows (C#).csproj", "{347A7A44-F2C5-4851-9125-E2F7167CDD4F}"
EndProject
Project("{F184B08F-C81C-45F6-A57F-5ABD9991F28F}") = "Project Z Windows", "Project Z Windows.vbproj", "{F3AF63E1-AB4E-CB7E-C795-0184707DB424}"
EndProject
Project("{F184B08F-C81C-45F6-A57F-5ABD9991F28F}") = "Project Z Video FX VST", "..\Project Z Test\Project Z Video FX VST.vbproj", "{4F98E265-339C-648C-0A79-FF113AD8EFE2}"
EndProject
Global
	GlobalSection(SolutionConfigurationPlatforms) = preSolution
		Android|Any CPU = Android|Any CPU
		Android|Mixed Platforms = Android|Mixed Platforms
		Android|x86 = Android|x86
		Debug|Any CPU = Debug|Any CPU
		Debug|Mixed Platforms = Debug|Mixed Platforms
		Debug|x86 = Debug|x86
		iOS|Any CPU = iOS|Any CPU
		iOS|Mixed Platforms = iOS|Mixed Platforms
		iOS|x86 = iOS|x86
		Linux|Any CPU = Linux|Any CPU
		Linux|Mixed Platforms = Linux|Mixed Platforms
		Linux|x86 = Linux|x86
		OSX|Any CPU = OSX|Any CPU
		OSX|Mixed Platforms = OSX|Mixed Platforms
		OSX|x86 = OSX|x86
		PSM|Any CPU = PSM|Any CPU
		PSM|Mixed Platforms = PSM|Mixed Platforms
		PSM|x86 = PSM|x86
		Release|Any CPU = Release|Any CPU
		Release|Mixed Platforms = Release|Mixed Platforms
		Release|x86 = Release|x86
		Windows|Any CPU = Windows|Any CPU
		Windows|Mixed Platforms = Windows|Mixed Platforms
		Windows|x86 = Windows|x86
		Windows8|Any CPU = Windows8|Any CPU
		Windows8|Mixed Platforms = Windows8|Mixed Platforms
		Windows8|x86 = Windows8|x86
	EndGlobalSection
	GlobalSection(ProjectConfigurationPlatforms) = postSolution
		{3A65FFAA-87FA-4166-B916-2DCCD6CE4486}.Android|Any CPU.ActiveCfg = Release|x86
		{3A65FFAA-87FA-4166-B916-2DCCD6CE4486}.Android|Mixed Platforms.ActiveCfg = Release|x86
		{3A65FFAA-87FA-4166-B916-2DCCD6CE4486}.Android|Mixed Platforms.Build.0 = Release|x86
		{3A65FFAA-87FA-4166-B916-2DCCD6CE4486}.Android|x86.ActiveCfg = Release|x86
		{3A65FFAA-87FA-4166-B916-2DCCD6CE4486}.Android|x86.Build.0 = Release|x86
		{3A65FFAA-87FA-4166-B916-2DCCD6CE4486}.Debug|Any CPU.ActiveCfg = Debug|Any CPU
		{3A65FFAA-87FA-4166-B916-2DCCD6CE4486}.Debug|Any CPU.Build.0 = Debug|Any CPU
		{3A65FFAA-87FA-4166-B916-2DCCD6CE4486}.Debug|Mixed Platforms.ActiveCfg = Debug|x86
		{3A65FFAA-87FA-4166-B916-2DCCD6CE4486}.Debug|Mixed Platforms.Build.0 = Debug|x86
		{3A65FFAA-87FA-4166-B916-2DCCD6CE4486}.Debug|x86.ActiveCfg = Debug|x86
		{3A65FFAA-87FA-4166-B916-2DCCD6CE4486}.Debug|x86.Build.0 = Debug|x86
		{3A65FFAA-87FA-4166-B916-2DCCD6CE4486}.iOS|Any CPU.ActiveCfg = Release|x86
		{3A65FFAA-87FA-4166-B916-2DCCD6CE4486}.iOS|Mixed Platforms.ActiveCfg = Release|x86
		{3A65FFAA-87FA-4166-B916-2DCCD6CE4486}.iOS|Mixed Platforms.Build.0 = Release|x86
		{3A65FFAA-87FA-4166-B916-2DCCD6CE4486}.iOS|x86.ActiveCfg = Release|x86
		{3A65FFAA-87FA-4166-B916-2DCCD6CE4486}.iOS|x86.Build.0 = Release|x86
		{3A65FFAA-87FA-4166-B916-2DCCD6CE4486}.Linux|Any CPU.ActiveCfg = Release|x86
		{3A65FFAA-87FA-4166-B916-2DCCD6CE4486}.Linux|Mixed Platforms.ActiveCfg = Release|x86
		{3A65FFAA-87FA-4166-B916-2DCCD6CE4486}.Linux|Mixed Platforms.Build.0 = Release|x86
		{3A65FFAA-87FA-4166-B916-2DCCD6CE4486}.Linux|x86.ActiveCfg = Release|x86
		{3A65FFAA-87FA-4166-B916-2DCCD6CE4486}.Linux|x86.Build.0 = Release|x86
		{3A65FFAA-87FA-4166-B916-2DCCD6CE4486}.OSX|Any CPU.ActiveCfg = Release|x86
		{3A65FFAA-87FA-4166-B916-2DCCD6CE4486}.OSX|Mixed Platforms.ActiveCfg = Release|x86
		{3A65FFAA-87FA-4166-B916-2DCCD6CE4486}.OSX|Mixed Platforms.Build.0 = Release|x86
		{3A65FFAA-87FA-4166-B916-2DCCD6CE4486}.OSX|x86.ActiveCfg = Release|x86
		{3A65FFAA-87FA-4166-B916-2DCCD6CE4486}.OSX|x86.Build.0 = Release|x86
		{3A65FFAA-87FA-4166-B916-2DCCD6CE4486}.PSM|Any CPU.ActiveCfg = Release|x86
		{3A65FFAA-87FA-4166-B916-2DCCD6CE4486}.PSM|Mixed Platforms.ActiveCfg = Release|x86
		{3A65FFAA-87FA-4166-B916-2DCCD6CE4486}.PSM|Mixed Platforms.Build.0 = Release|x86
		{3A65FFAA-87FA-4166-B916-2DCCD6CE4486}.PSM|x86.ActiveCfg = Release|x86
		{3A65FFAA-87FA-4166-B916-2DCCD6CE4486}.PSM|x86.Build.0 = Release|x86
		{3A65FFAA-87FA-4166-B916-2DCCD6CE4486}.Release|Any CPU.ActiveCfg = Release|x86
		{3A65FFAA-87FA-4166-B916-2DCCD6CE4486}.Release|Mixed Platforms.ActiveCfg = Release|x86
		{3A65FFAA-87FA-4166-B916-2DCCD6CE4486}.Release|Mixed Platforms.Build.0 = Release|x86
		{3A65FFAA-87FA-4166-B916-2DCCD6CE4486}.Release|x86.ActiveCfg = Release|x86
		{3A65FFAA-87FA-4166-B916-2DCCD6CE4486}.Release|x86.Build.0 = Release|x86
		{3A65FFAA-87FA-4166-B916-2DCCD6CE4486}.Windows|Any CPU.ActiveCfg = Release|x86
		{3A65FFAA-87FA-4166-B916-2DCCD6CE4486}.Windows|Mixed Platforms.ActiveCfg = Release|x86
		{3A65FFAA-87FA-4166-B916-2DCCD6CE4486}.Windows|Mixed Platforms.Build.0 = Release|x86
		{3A65FFAA-87FA-4166-B916-2DCCD6CE4486}.Windows|x86.ActiveCfg = Release|x86
		{3A65FFAA-87FA-4166-B916-2DCCD6CE4486}.Windows|x86.Build.0 = Release|x86
		{3A65FFAA-87FA-4166-B916-2DCCD6CE4486}.Windows8|Any CPU.ActiveCfg = Release|x86
		{3A65FFAA-87FA-4166-B916-2DCCD6CE4486}.Windows8|Mixed Platforms.ActiveCfg = Release|x86
		{3A65FFAA-87FA-4166-B916-2DCCD6CE4486}.Windows8|Mixed Platforms.Build.0 = Release|x86
		{3A65FFAA-87FA-4166-B916-2DCCD6CE4486}.Windows8|x86.ActiveCfg = Release|x86
		{3A65FFAA-87FA-4166-B916-2DCCD6CE4486}.Windows8|x86.Build.0 = Release|x86
		{46C25368-460F-4ADD-827E-E1D3AC90B6CF}.Android|Any CPU.ActiveCfg = Release|Any CPU
		{46C25368-460F-4ADD-827E-E1D3AC90B6CF}.Android|Any CPU.Build.0 = Release|Any CPU
		{46C25368-460F-4ADD-827E-E1D3AC90B6CF}.Android|Mixed Platforms.ActiveCfg = Release|Any CPU
		{46C25368-460F-4ADD-827E-E1D3AC90B6CF}.Android|Mixed Platforms.Build.0 = Release|Any CPU
		{46C25368-460F-4ADD-827E-E1D3AC90B6CF}.Android|x86.ActiveCfg = Release|Any CPU
		{46C25368-460F-4ADD-827E-E1D3AC90B6CF}.Android|x86.Build.0 = Release|Any CPU
		{46C25368-460F-4ADD-827E-E1D3AC90B6CF}.Debug|Any CPU.ActiveCfg = Debug|Any CPU
		{46C25368-460F-4ADD-827E-E1D3AC90B6CF}.Debug|Any CPU.Build.0 = Debug|Any CPU
		{46C25368-460F-4ADD-827E-E1D3AC90B6CF}.Debug|Mixed Platforms.ActiveCfg = Debug|Any CPU
		{46C25368-460F-4ADD-827E-E1D3AC90B6CF}.Debug|Mixed Platforms.Build.0 = Debug|Any CPU
		{46C25368-460F-4ADD-827E-E1D3AC90B6CF}.Debug|x86.ActiveCfg = Debug|Any CPU
		{46C25368-460F-4ADD-827E-E1D3AC90B6CF}.Debug|x86.Build.0 = Debug|Any CPU
		{46C25368-460F-4ADD-827E-E1D3AC90B6CF}.iOS|Any CPU.ActiveCfg = Release|Any CPU
		{46C25368-460F-4ADD-827E-E1D3AC90B6CF}.iOS|Any CPU.Build.0 = Release|Any CPU
		{46C25368-460F-4ADD-827E-E1D3AC90B6CF}.iOS|Mixed Platforms.ActiveCfg = Release|Any CPU
		{46C25368-460F-4ADD-827E-E1D3AC90B6CF}.iOS|Mixed Platforms.Build.0 = Release|Any CPU
		{46C25368-460F-4ADD-827E-E1D3AC90B6CF}.iOS|x86.ActiveCfg = Release|Any CPU
		{46C25368-460F-4ADD-827E-E1D3AC90B6CF}.iOS|x86.Build.0 = Release|Any CPU
		{46C25368-460F-4ADD-827E-E1D3AC90B6CF}.Linux|Any CPU.ActiveCfg = Release|Any CPU
		{46C25368-460F-4ADD-827E-E1D3AC90B6CF}.Linux|Any CPU.Build.0 = Release|Any CPU
		{46C25368-460F-4ADD-827E-E1D3AC90B6CF}.Linux|Mixed Platforms.ActiveCfg = Release|Any CPU
		{46C25368-460F-4ADD-827E-E1D3AC90B6CF}.Linux|Mixed Platforms.Build.0 = Release|Any CPU
		{46C25368-460F-4ADD-827E-E1D3AC90B6CF}.Linux|x86.ActiveCfg = Release|Any CPU
		{46C25368-460F-4ADD-827E-E1D3AC90B6CF}.Linux|x86.Build.0 = Release|Any CPU
		{46C25368-460F-4ADD-827E-E1D3AC90B6CF}.OSX|Any CPU.ActiveCfg = Release|Any CPU
		{46C25368-460F-4ADD-827E-E1D3AC90B6CF}.OSX|Any CPU.Build.0 = Release|Any CPU
		{46C25368-460F-4ADD-827E-E1D3AC90B6CF}.OSX|Mixed Platforms.ActiveCfg = Release|Any CPU
		{46C25368-460F-4ADD-827E-E1D3AC90B6CF}.OSX|Mixed Platforms.Build.0 = Release|Any CPU
		{46C25368-460F-4ADD-827E-E1D3AC90B6CF}.OSX|x86.ActiveCfg = Release|Any CPU
		{46C25368-460F-4ADD-827E-E1D3AC90B6CF}.OSX|x86.Build.0 = Release|Any CPU
		{46C25368-460F-4ADD-827E-E1D3AC90B6CF}.PSM|Any CPU.ActiveCfg = Release|Any CPU
		{46C25368-460F-4ADD-827E-E1D3AC90B6CF}.PSM|Any CPU.Build.0 = Release|Any CPU
		{46C25368-460F-4ADD-827E-E1D3AC90B6CF}.PSM|Mixed Platforms.ActiveCfg = Release|Any CPU
		{46C25368-460F-4ADD-827E-E1D3AC90B6CF}.PSM|Mixed Platforms.Build.0 = Release|Any CPU
		{46C25368-460F-4ADD-827E-E1D3AC90B6CF}.PSM|x86.ActiveCfg = Release|Any CPU
		{46C25368-460F-4ADD-827E-E1D3AC90B6CF}.PSM|x86.Build.0 = Release|Any CPU
		{46C25368-460F-4ADD-827E-E1D3AC90B6CF}.Release|Any CPU.ActiveCfg = Release|Any CPU
		{46C25368-460F-4ADD-827E-E1D3AC90B6CF}.Release|Any CPU.Build.0 = Release|Any CPU
		{46C25368-460F-4ADD-827E-E1D3AC90B6CF}.Release|Mixed Platforms.ActiveCfg = Release|Any CPU
		{46C25368-460F-4ADD-827E-E1D3AC90B6CF}.Release|Mixed Platforms.Build.0 = Release|Any CPU
		{46C25368-460F-4ADD-827E-E1D3AC90B6CF}.Release|x86.ActiveCfg = Release|Any CPU
		{46C25368-460F-4ADD-827E-E1D3AC90B6CF}.Release|x86.Build.0 = Release|Any CPU
		{46C25368-460F-4ADD-827E-E1D3AC90B6CF}.Windows|Any CPU.ActiveCfg = Release|Any CPU
		{46C25368-460F-4ADD-827E-E1D3AC90B6CF}.Windows|Any CPU.Build.0 = Release|Any CPU
		{46C25368-460F-4ADD-827E-E1D3AC90B6CF}.Windows|Mixed Platforms.ActiveCfg = Release|Any CPU
		{46C25368-460F-4ADD-827E-E1D3AC90B6CF}.Windows|Mixed Platforms.Build.0 = Release|Any CPU
		{46C25368-460F-4ADD-827E-E1D3AC90B6CF}.Windows|x86.ActiveCfg = Release|Any CPU
		{46C25368-460F-4ADD-827E-E1D3AC90B6CF}.Windows|x86.Build.0 = Release|Any CPU
		{46C25368-460F-4ADD-827E-E1D3AC90B6CF}.Windows8|Any CPU.ActiveCfg = Release|Any CPU
		{46C25368-460F-4ADD-827E-E1D3AC90B6CF}.Windows8|Any CPU.Build.0 = Release|Any CPU
		{46C25368-460F-4ADD-827E-E1D3AC90B6CF}.Windows8|Mixed Platforms.ActiveCfg = Release|Any CPU
		{46C25368-460F-4ADD-827E-E1D3AC90B6CF}.Windows8|Mixed Platforms.Build.0 = Release|Any CPU
		{46C25368-460F-4ADD-827E-E1D3AC90B6CF}.Windows8|x86.ActiveCfg = Release|Any CPU
		{46C25368-460F-4ADD-827E-E1D3AC90B6CF}.Windows8|x86.Build.0 = Release|Any CPU
		{AD37FA9E-813C-4240-8A31-2BFC6F32EF7B}.Android|Any CPU.ActiveCfg = Release|x86
		{AD37FA9E-813C-4240-8A31-2BFC6F32EF7B}.Android|Mixed Platforms.ActiveCfg = Release|x86
		{AD37FA9E-813C-4240-8A31-2BFC6F32EF7B}.Android|Mixed Platforms.Build.0 = Release|x86
		{AD37FA9E-813C-4240-8A31-2BFC6F32EF7B}.Android|x86.ActiveCfg = Release|x86
		{AD37FA9E-813C-4240-8A31-2BFC6F32EF7B}.Android|x86.Build.0 = Release|x86
		{AD37FA9E-813C-4240-8A31-2BFC6F32EF7B}.Debug|Any CPU.ActiveCfg = Debug|x86
		{AD37FA9E-813C-4240-8A31-2BFC6F32EF7B}.Debug|Mixed Platforms.ActiveCfg = Debug|x86
		{AD37FA9E-813C-4240-8A31-2BFC6F32EF7B}.Debug|Mixed Platforms.Build.0 = Debug|x86
		{AD37FA9E-813C-4240-8A31-2BFC6F32EF7B}.Debug|x86.ActiveCfg = Debug|x86
		{AD37FA9E-813C-4240-8A31-2BFC6F32EF7B}.Debug|x86.Build.0 = Debug|x86
		{AD37FA9E-813C-4240-8A31-2BFC6F32EF7B}.iOS|Any CPU.ActiveCfg = Release|x86
		{AD37FA9E-813C-4240-8A31-2BFC6F32EF7B}.iOS|Mixed Platforms.ActiveCfg = Release|x86
		{AD37FA9E-813C-4240-8A31-2BFC6F32EF7B}.iOS|Mixed Platforms.Build.0 = Release|x86
		{AD37FA9E-813C-4240-8A31-2BFC6F32EF7B}.iOS|x86.ActiveCfg = Release|x86
		{AD37FA9E-813C-4240-8A31-2BFC6F32EF7B}.iOS|x86.Build.0 = Release|x86
		{AD37FA9E-813C-4240-8A31-2BFC6F32EF7B}.Linux|Any CPU.ActiveCfg = Release|x86
		{AD37FA9E-813C-4240-8A31-2BFC6F32EF7B}.Linux|Mixed Platforms.ActiveCfg = Release|x86
		{AD37FA9E-813C-4240-8A31-2BFC6F32EF7B}.Linux|Mixed Platforms.Build.0 = Release|x86
		{AD37FA9E-813C-4240-8A31-2BFC6F32EF7B}.Linux|x86.ActiveCfg = Release|x86
		{AD37FA9E-813C-4240-8A31-2BFC6F32EF7B}.Linux|x86.Build.0 = Release|x86
		{AD37FA9E-813C-4240-8A31-2BFC6F32EF7B}.OSX|Any CPU.ActiveCfg = Release|x86
		{AD37FA9E-813C-4240-8A31-2BFC6F32EF7B}.OSX|Mixed Platforms.ActiveCfg = Release|x86
		{AD37FA9E-813C-4240-8A31-2BFC6F32EF7B}.OSX|Mixed Platforms.Build.0 = Release|x86
		{AD37FA9E-813C-4240-8A31-2BFC6F32EF7B}.OSX|x86.ActiveCfg = Release|x86
		{AD37FA9E-813C-4240-8A31-2BFC6F32EF7B}.OSX|x86.Build.0 = Release|x86
		{AD37FA9E-813C-4240-8A31-2BFC6F32EF7B}.PSM|Any CPU.ActiveCfg = Release|x86
		{AD37FA9E-813C-4240-8A31-2BFC6F32EF7B}.PSM|Mixed Platforms.ActiveCfg = Release|x86
		{AD37FA9E-813C-4240-8A31-2BFC6F32EF7B}.PSM|Mixed Platforms.Build.0 = Release|x86
		{AD37FA9E-813C-4240-8A31-2BFC6F32EF7B}.PSM|x86.ActiveCfg = Release|x86
		{AD37FA9E-813C-4240-8A31-2BFC6F32EF7B}.PSM|x86.Build.0 = Release|x86
		{AD37FA9E-813C-4240-8A31-2BFC6F32EF7B}.Release|Any CPU.ActiveCfg = Release|x86
		{AD37FA9E-813C-4240-8A31-2BFC6F32EF7B}.Release|Mixed Platforms.ActiveCfg = Release|x86
		{AD37FA9E-813C-4240-8A31-2BFC6F32EF7B}.Release|Mixed Platforms.Build.0 = Release|x86
		{AD37FA9E-813C-4240-8A31-2BFC6F32EF7B}.Release|x86.ActiveCfg = Release|x86
		{AD37FA9E-813C-4240-8A31-2BFC6F32EF7B}.Release|x86.Build.0 = Release|x86
		{AD37FA9E-813C-4240-8A31-2BFC6F32EF7B}.Windows|Any CPU.ActiveCfg = Release|x86
		{AD37FA9E-813C-4240-8A31-2BFC6F32EF7B}.Windows|Mixed Platforms.ActiveCfg = Release|x86
		{AD37FA9E-813C-4240-8A31-2BFC6F32EF7B}.Windows|Mixed Platforms.Build.0 = Release|x86
		{AD37FA9E-813C-4240-8A31-2BFC6F32EF7B}.Windows|x86.ActiveCfg = Release|x86
		{AD37FA9E-813C-4240-8A31-2BFC6F32EF7B}.Windows|x86.Build.0 = Release|x86
		{AD37FA9E-813C-4240-8A31-2BFC6F32EF7B}.Windows8|Any CPU.ActiveCfg = Release|x86
		{AD37FA9E-813C-4240-8A31-2BFC6F32EF7B}.Windows8|Mixed Platforms.ActiveCfg = Release|x86
		{AD37FA9E-813C-4240-8A31-2BFC6F32EF7B}.Windows8|Mixed Platforms.Build.0 = Release|x86
		{AD37FA9E-813C-4240-8A31-2BFC6F32EF7B}.Windows8|x86.ActiveCfg = Release|x86
		{AD37FA9E-813C-4240-8A31-2BFC6F32EF7B}.Windows8|x86.Build.0 = Release|x86
		{4220B8EA-AE4E-4AEB-964F-6DE75064F4BB}.Android|Any CPU.ActiveCfg = Release|x86
		{4220B8EA-AE4E-4AEB-964F-6DE75064F4BB}.Android|Mixed Platforms.ActiveCfg = Release|x86
		{4220B8EA-AE4E-4AEB-964F-6DE75064F4BB}.Android|Mixed Platforms.Build.0 = Release|x86
		{4220B8EA-AE4E-4AEB-964F-6DE75064F4BB}.Android|x86.ActiveCfg = Release|x86
		{4220B8EA-AE4E-4AEB-964F-6DE75064F4BB}.Android|x86.Build.0 = Release|x86
		{4220B8EA-AE4E-4AEB-964F-6DE75064F4BB}.Debug|Any CPU.ActiveCfg = Debug|x86
		{4220B8EA-AE4E-4AEB-964F-6DE75064F4BB}.Debug|Any CPU.Build.0 = Debug|x86
		{4220B8EA-AE4E-4AEB-964F-6DE75064F4BB}.Debug|Mixed Platforms.ActiveCfg = Debug|x86
		{4220B8EA-AE4E-4AEB-964F-6DE75064F4BB}.Debug|Mixed Platforms.Build.0 = Debug|x86
		{4220B8EA-AE4E-4AEB-964F-6DE75064F4BB}.Debug|x86.ActiveCfg = Debug|x86
		{4220B8EA-AE4E-4AEB-964F-6DE75064F4BB}.Debug|x86.Build.0 = Debug|x86
		{4220B8EA-AE4E-4AEB-964F-6DE75064F4BB}.iOS|Any CPU.ActiveCfg = Release|x86
		{4220B8EA-AE4E-4AEB-964F-6DE75064F4BB}.iOS|Mixed Platforms.ActiveCfg = Release|x86
		{4220B8EA-AE4E-4AEB-964F-6DE75064F4BB}.iOS|Mixed Platforms.Build.0 = Release|x86
		{4220B8EA-AE4E-4AEB-964F-6DE75064F4BB}.iOS|x86.ActiveCfg = Release|x86
		{4220B8EA-AE4E-4AEB-964F-6DE75064F4BB}.iOS|x86.Build.0 = Release|x86
		{4220B8EA-AE4E-4AEB-964F-6DE75064F4BB}.Linux|Any CPU.ActiveCfg = Release|x86
		{4220B8EA-AE4E-4AEB-964F-6DE75064F4BB}.Linux|Mixed Platforms.ActiveCfg = Release|x86
		{4220B8EA-AE4E-4AEB-964F-6DE75064F4BB}.Linux|Mixed Platforms.Build.0 = Release|x86
		{4220B8EA-AE4E-4AEB-964F-6DE75064F4BB}.Linux|x86.ActiveCfg = Release|x86
		{4220B8EA-AE4E-4AEB-964F-6DE75064F4BB}.Linux|x86.Build.0 = Release|x86
		{4220B8EA-AE4E-4AEB-964F-6DE75064F4BB}.OSX|Any CPU.ActiveCfg = Release|x86
		{4220B8EA-AE4E-4AEB-964F-6DE75064F4BB}.OSX|Mixed Platforms.ActiveCfg = Release|x86
		{4220B8EA-AE4E-4AEB-964F-6DE75064F4BB}.OSX|Mixed Platforms.Build.0 = Release|x86
		{4220B8EA-AE4E-4AEB-964F-6DE75064F4BB}.OSX|x86.ActiveCfg = Release|x86
		{4220B8EA-AE4E-4AEB-964F-6DE75064F4BB}.OSX|x86.Build.0 = Release|x86
		{4220B8EA-AE4E-4AEB-964F-6DE75064F4BB}.PSM|Any CPU.ActiveCfg = Release|x86
		{4220B8EA-AE4E-4AEB-964F-6DE75064F4BB}.PSM|Mixed Platforms.ActiveCfg = Release|x86
		{4220B8EA-AE4E-4AEB-964F-6DE75064F4BB}.PSM|Mixed Platforms.Build.0 = Release|x86
		{4220B8EA-AE4E-4AEB-964F-6DE75064F4BB}.PSM|x86.ActiveCfg = Release|x86
		{4220B8EA-AE4E-4AEB-964F-6DE75064F4BB}.PSM|x86.Build.0 = Release|x86
		{4220B8EA-AE4E-4AEB-964F-6DE75064F4BB}.Release|Any CPU.ActiveCfg = Release|x86
		{4220B8EA-AE4E-4AEB-964F-6DE75064F4BB}.Release|Mixed Platforms.ActiveCfg = Release|x86
		{4220B8EA-AE4E-4AEB-964F-6DE75064F4BB}.Release|Mixed Platforms.Build.0 = Release|x86
		{4220B8EA-AE4E-4AEB-964F-6DE75064F4BB}.Release|x86.ActiveCfg = Release|x86
		{4220B8EA-AE4E-4AEB-964F-6DE75064F4BB}.Release|x86.Build.0 = Release|x86
		{4220B8EA-AE4E-4AEB-964F-6DE75064F4BB}.Windows|Any CPU.ActiveCfg = Release|x86
		{4220B8EA-AE4E-4AEB-964F-6DE75064F4BB}.Windows|Mixed Platforms.ActiveCfg = Release|x86
		{4220B8EA-AE4E-4AEB-964F-6DE75064F4BB}.Windows|Mixed Platforms.Build.0 = Release|x86
		{4220B8EA-AE4E-4AEB-964F-6DE75064F4BB}.Windows|x86.ActiveCfg = Release|x86
		{4220B8EA-AE4E-4AEB-964F-6DE75064F4BB}.Windows|x86.Build.0 = Release|x86
		{4220B8EA-AE4E-4AEB-964F-6DE75064F4BB}.Windows8|Any CPU.ActiveCfg = Release|x86
		{4220B8EA-AE4E-4AEB-964F-6DE75064F4BB}.Windows8|Mixed Platforms.ActiveCfg = Release|x86
		{4220B8EA-AE4E-4AEB-964F-6DE75064F4BB}.Windows8|Mixed Platforms.Build.0 = Release|x86
		{4220B8EA-AE4E-4AEB-964F-6DE75064F4BB}.Windows8|x86.ActiveCfg = Release|x86
		{4220B8EA-AE4E-4AEB-964F-6DE75064F4BB}.Windows8|x86.Build.0 = Release|x86
		{2DB98433-E82D-467F-AE70-F1727F825055}.Android|Any CPU.ActiveCfg = Release|Any CPU
		{2DB98433-E82D-467F-AE70-F1727F825055}.Android|Any CPU.Build.0 = Release|Any CPU
		{2DB98433-E82D-467F-AE70-F1727F825055}.Android|Mixed Platforms.ActiveCfg = Release|Any CPU
		{2DB98433-E82D-467F-AE70-F1727F825055}.Android|Mixed Platforms.Build.0 = Release|Any CPU
		{2DB98433-E82D-467F-AE70-F1727F825055}.Android|x86.ActiveCfg = Release|Any CPU
		{2DB98433-E82D-467F-AE70-F1727F825055}.Debug|Any CPU.ActiveCfg = Debug|Any CPU
		{2DB98433-E82D-467F-AE70-F1727F825055}.Debug|Any CPU.Build.0 = Debug|Any CPU
		{2DB98433-E82D-467F-AE70-F1727F825055}.Debug|Mixed Platforms.ActiveCfg = Debug|Any CPU
		{2DB98433-E82D-467F-AE70-F1727F825055}.Debug|Mixed Platforms.Build.0 = Debug|Any CPU
		{2DB98433-E82D-467F-AE70-F1727F825055}.Debug|x86.ActiveCfg = Debug|Any CPU
		{2DB98433-E82D-467F-AE70-F1727F825055}.Debug|x86.Build.0 = Debug|Any CPU
		{2DB98433-E82D-467F-AE70-F1727F825055}.iOS|Any CPU.ActiveCfg = Release|Any CPU
		{2DB98433-E82D-467F-AE70-F1727F825055}.iOS|Any CPU.Build.0 = Release|Any CPU
		{2DB98433-E82D-467F-AE70-F1727F825055}.iOS|Mixed Platforms.ActiveCfg = Release|Any CPU
		{2DB98433-E82D-467F-AE70-F1727F825055}.iOS|Mixed Platforms.Build.0 = Release|Any CPU
		{2DB98433-E82D-467F-AE70-F1727F825055}.iOS|x86.ActiveCfg = Release|Any CPU
		{2DB98433-E82D-467F-AE70-F1727F825055}.Linux|Any CPU.ActiveCfg = Release|Any CPU
		{2DB98433-E82D-467F-AE70-F1727F825055}.Linux|Any CPU.Build.0 = Release|Any CPU
		{2DB98433-E82D-467F-AE70-F1727F825055}.Linux|Mixed Platforms.ActiveCfg = Release|Any CPU
		{2DB98433-E82D-467F-AE70-F1727F825055}.Linux|Mixed Platforms.Build.0 = Release|Any CPU
		{2DB98433-E82D-467F-AE70-F1727F825055}.Linux|x86.ActiveCfg = Release|Any CPU
		{2DB98433-E82D-467F-AE70-F1727F825055}.OSX|Any CPU.ActiveCfg = Release|Any CPU
		{2DB98433-E82D-467F-AE70-F1727F825055}.OSX|Any CPU.Build.0 = Release|Any CPU
		{2DB98433-E82D-467F-AE70-F1727F825055}.OSX|Mixed Platforms.ActiveCfg = Release|Any CPU
		{2DB98433-E82D-467F-AE70-F1727F825055}.OSX|Mixed Platforms.Build.0 = Release|Any CPU
		{2DB98433-E82D-467F-AE70-F1727F825055}.OSX|x86.ActiveCfg = Release|Any CPU
		{2DB98433-E82D-467F-AE70-F1727F825055}.PSM|Any CPU.ActiveCfg = Release|Any CPU
		{2DB98433-E82D-467F-AE70-F1727F825055}.PSM|Any CPU.Build.0 = Release|Any CPU
		{2DB98433-E82D-467F-AE70-F1727F825055}.PSM|Mixed Platforms.ActiveCfg = Release|Any CPU
		{2DB98433-E82D-467F-AE70-F1727F825055}.PSM|Mixed Platforms.Build.0 = Release|Any CPU
		{2DB98433-E82D-467F-AE70-F1727F825055}.PSM|x86.ActiveCfg = Release|Any CPU
		{2DB98433-E82D-467F-AE70-F1727F825055}.Release|Any CPU.ActiveCfg = Release|Any CPU
		{2DB98433-E82D-467F-AE70-F1727F825055}.Release|Any CPU.Build.0 = Release|Any CPU
		{2DB98433-E82D-467F-AE70-F1727F825055}.Release|Mixed Platforms.ActiveCfg = Release|Any CPU
		{2DB98433-E82D-467F-AE70-F1727F825055}.Release|Mixed Platforms.Build.0 = Release|Any CPU
		{2DB98433-E82D-467F-AE70-F1727F825055}.Release|x86.ActiveCfg = Release|Any CPU
		{2DB98433-E82D-467F-AE70-F1727F825055}.Windows|Any CPU.ActiveCfg = Release|Any CPU
		{2DB98433-E82D-467F-AE70-F1727F825055}.Windows|Any CPU.Build.0 = Release|Any CPU
		{2DB98433-E82D-467F-AE70-F1727F825055}.Windows|Mixed Platforms.ActiveCfg = Release|Any CPU
		{2DB98433-E82D-467F-AE70-F1727F825055}.Windows|Mixed Platforms.Build.0 = Release|Any CPU
		{2DB98433-E82D-467F-AE70-F1727F825055}.Windows|x86.ActiveCfg = Release|Any CPU
		{2DB98433-E82D-467F-AE70-F1727F825055}.Windows8|Any CPU.ActiveCfg = Release|Any CPU
		{2DB98433-E82D-467F-AE70-F1727F825055}.Windows8|Any CPU.Build.0 = Release|Any CPU
		{2DB98433-E82D-467F-AE70-F1727F825055}.Windows8|Mixed Platforms.ActiveCfg = Release|Any CPU
		{2DB98433-E82D-467F-AE70-F1727F825055}.Windows8|Mixed Platforms.Build.0 = Release|Any CPU
		{2DB98433-E82D-467F-AE70-F1727F825055}.Windows8|x86.ActiveCfg = Release|Any CPU
		{52DEC503-6D90-4C1C-94CC-0FAF66BA94BD}.Android|Any CPU.ActiveCfg = Release|Any CPU
		{52DEC503-6D90-4C1C-94CC-0FAF66BA94BD}.Android|Any CPU.Build.0 = Release|Any CPU
		{52DEC503-6D90-4C1C-94CC-0FAF66BA94BD}.Android|Mixed Platforms.ActiveCfg = Release|Any CPU
		{52DEC503-6D90-4C1C-94CC-0FAF66BA94BD}.Android|Mixed Platforms.Build.0 = Release|Any CPU
		{52DEC503-6D90-4C1C-94CC-0FAF66BA94BD}.Android|x86.ActiveCfg = Release|Any CPU
		{52DEC503-6D90-4C1C-94CC-0FAF66BA94BD}.Debug|Any CPU.ActiveCfg = Debug|Any CPU
		{52DEC503-6D90-4C1C-94CC-0FAF66BA94BD}.Debug|Any CPU.Build.0 = Debug|Any CPU
		{52DEC503-6D90-4C1C-94CC-0FAF66BA94BD}.Debug|Mixed Platforms.ActiveCfg = Debug|Any CPU
		{52DEC503-6D90-4C1C-94CC-0FAF66BA94BD}.Debug|Mixed Platforms.Build.0 = Debug|Any CPU
		{52DEC503-6D90-4C1C-94CC-0FAF66BA94BD}.Debug|x86.ActiveCfg = Debug|Any CPU
		{52DEC503-6D90-4C1C-94CC-0FAF66BA94BD}.Debug|x86.Build.0 = Debug|Any CPU
		{52DEC503-6D90-4C1C-94CC-0FAF66BA94BD}.iOS|Any CPU.ActiveCfg = Release|Any CPU
		{52DEC503-6D90-4C1C-94CC-0FAF66BA94BD}.iOS|Any CPU.Build.0 = Release|Any CPU
		{52DEC503-6D90-4C1C-94CC-0FAF66BA94BD}.iOS|Mixed Platforms.ActiveCfg = Release|Any CPU
		{52DEC503-6D90-4C1C-94CC-0FAF66BA94BD}.iOS|Mixed Platforms.Build.0 = Release|Any CPU
		{52DEC503-6D90-4C1C-94CC-0FAF66BA94BD}.iOS|x86.ActiveCfg = Release|Any CPU
		{52DEC503-6D90-4C1C-94CC-0FAF66BA94BD}.Linux|Any CPU.ActiveCfg = Release|Any CPU
		{52DEC503-6D90-4C1C-94CC-0FAF66BA94BD}.Linux|Any CPU.Build.0 = Release|Any CPU
		{52DEC503-6D90-4C1C-94CC-0FAF66BA94BD}.Linux|Mixed Platforms.ActiveCfg = Release|Any CPU
		{52DEC503-6D90-4C1C-94CC-0FAF66BA94BD}.Linux|Mixed Platforms.Build.0 = Release|Any CPU
		{52DEC503-6D90-4C1C-94CC-0FAF66BA94BD}.Linux|x86.ActiveCfg = Release|Any CPU
		{52DEC503-6D90-4C1C-94CC-0FAF66BA94BD}.OSX|Any CPU.ActiveCfg = Release|Any CPU
		{52DEC503-6D90-4C1C-94CC-0FAF66BA94BD}.OSX|Any CPU.Build.0 = Release|Any CPU
		{52DEC503-6D90-4C1C-94CC-0FAF66BA94BD}.OSX|Mixed Platforms.ActiveCfg = Release|Any CPU
		{52DEC503-6D90-4C1C-94CC-0FAF66BA94BD}.OSX|Mixed Platforms.Build.0 = Release|Any CPU
		{52DEC503-6D90-4C1C-94CC-0FAF66BA94BD}.OSX|x86.ActiveCfg = Release|Any CPU
		{52DEC503-6D90-4C1C-94CC-0FAF66BA94BD}.PSM|Any CPU.ActiveCfg = Release|Any CPU
		{52DEC503-6D90-4C1C-94CC-0FAF66BA94BD}.PSM|Any CPU.Build.0 = Release|Any CPU
		{52DEC503-6D90-4C1C-94CC-0FAF66BA94BD}.PSM|Mixed Platforms.ActiveCfg = Release|Any CPU
		{52DEC503-6D90-4C1C-94CC-0FAF66BA94BD}.PSM|Mixed Platforms.Build.0 = Release|Any CPU
		{52DEC503-6D90-4C1C-94CC-0FAF66BA94BD}.PSM|x86.ActiveCfg = Release|Any CPU
		{52DEC503-6D90-4C1C-94CC-0FAF66BA94BD}.Release|Any CPU.ActiveCfg = Release|Any CPU
		{52DEC503-6D90-4C1C-94CC-0FAF66BA94BD}.Release|Any CPU.Build.0 = Release|Any CPU
		{52DEC503-6D90-4C1C-94CC-0FAF66BA94BD}.Release|Mixed Platforms.ActiveCfg = Release|Any CPU
		{52DEC503-6D90-4C1C-94CC-0FAF66BA94BD}.Release|Mixed Platforms.Build.0 = Release|Any CPU
		{52DEC503-6D90-4C1C-94CC-0FAF66BA94BD}.Release|x86.ActiveCfg = Release|Any CPU
		{52DEC503-6D90-4C1C-94CC-0FAF66BA94BD}.Windows|Any CPU.ActiveCfg = Release|Any CPU
		{52DEC503-6D90-4C1C-94CC-0FAF66BA94BD}.Windows|Any CPU.Build.0 = Release|Any CPU
		{52DEC503-6D90-4C1C-94CC-0FAF66BA94BD}.Windows|Mixed Platforms.ActiveCfg = Release|Any CPU
		{52DEC503-6D90-4C1C-94CC-0FAF66BA94BD}.Windows|Mixed Platforms.Build.0 = Release|Any CPU
		{52DEC503-6D90-4C1C-94CC-0FAF66BA94BD}.Windows|x86.ActiveCfg = Release|Any CPU
		{52DEC503-6D90-4C1C-94CC-0FAF66BA94BD}.Windows8|Any CPU.ActiveCfg = Release|Any CPU
		{52DEC503-6D90-4C1C-94CC-0FAF66BA94BD}.Windows8|Any CPU.Build.0 = Release|Any CPU
		{52DEC503-6D90-4C1C-94CC-0FAF66BA94BD}.Windows8|Mixed Platforms.ActiveCfg = Release|Any CPU
		{52DEC503-6D90-4C1C-94CC-0FAF66BA94BD}.Windows8|Mixed Platforms.Build.0 = Release|Any CPU
		{52DEC503-6D90-4C1C-94CC-0FAF66BA94BD}.Windows8|x86.ActiveCfg = Release|Any CPU
		{347A7A44-F2C5-4851-9125-E2F7167CDD4F}.Android|Any CPU.ActiveCfg = Release|x86
		{347A7A44-F2C5-4851-9125-E2F7167CDD4F}.Android|Mixed Platforms.ActiveCfg = Release|x86
		{347A7A44-F2C5-4851-9125-E2F7167CDD4F}.Android|Mixed Platforms.Build.0 = Release|x86
		{347A7A44-F2C5-4851-9125-E2F7167CDD4F}.Android|x86.ActiveCfg = Release|x86
		{347A7A44-F2C5-4851-9125-E2F7167CDD4F}.Android|x86.Build.0 = Release|x86
		{347A7A44-F2C5-4851-9125-E2F7167CDD4F}.Debug|Any CPU.ActiveCfg = Debug|x86
		{347A7A44-F2C5-4851-9125-E2F7167CDD4F}.Debug|Mixed Platforms.ActiveCfg = Debug|x86
		{347A7A44-F2C5-4851-9125-E2F7167CDD4F}.Debug|Mixed Platforms.Build.0 = Debug|x86
		{347A7A44-F2C5-4851-9125-E2F7167CDD4F}.Debug|x86.ActiveCfg = Debug|x86
		{347A7A44-F2C5-4851-9125-E2F7167CDD4F}.Debug|x86.Build.0 = Debug|x86
		{347A7A44-F2C5-4851-9125-E2F7167CDD4F}.iOS|Any CPU.ActiveCfg = Release|x86
		{347A7A44-F2C5-4851-9125-E2F7167CDD4F}.iOS|Mixed Platforms.ActiveCfg = Release|x86
		{347A7A44-F2C5-4851-9125-E2F7167CDD4F}.iOS|Mixed Platforms.Build.0 = Release|x86
		{347A7A44-F2C5-4851-9125-E2F7167CDD4F}.iOS|x86.ActiveCfg = Release|x86
		{347A7A44-F2C5-4851-9125-E2F7167CDD4F}.iOS|x86.Build.0 = Release|x86
		{347A7A44-F2C5-4851-9125-E2F7167CDD4F}.Linux|Any CPU.ActiveCfg = Release|x86
		{347A7A44-F2C5-4851-9125-E2F7167CDD4F}.Linux|Mixed Platforms.ActiveCfg = Release|x86
		{347A7A44-F2C5-4851-9125-E2F7167CDD4F}.Linux|Mixed Platforms.Build.0 = Release|x86
		{347A7A44-F2C5-4851-9125-E2F7167CDD4F}.Linux|x86.ActiveCfg = Release|x86
		{347A7A44-F2C5-4851-9125-E2F7167CDD4F}.Linux|x86.Build.0 = Release|x86
		{347A7A44-F2C5-4851-9125-E2F7167CDD4F}.OSX|Any CPU.ActiveCfg = Release|x86
		{347A7A44-F2C5-4851-9125-E2F7167CDD4F}.OSX|Mixed Platforms.ActiveCfg = Release|x86
		{347A7A44-F2C5-4851-9125-E2F7167CDD4F}.OSX|Mixed Platforms.Build.0 = Release|x86
		{347A7A44-F2C5-4851-9125-E2F7167CDD4F}.OSX|x86.ActiveCfg = Release|x86
		{347A7A44-F2C5-4851-9125-E2F7167CDD4F}.OSX|x86.Build.0 = Release|x86
		{347A7A44-F2C5-4851-9125-E2F7167CDD4F}.PSM|Any CPU.ActiveCfg = Release|x86
		{347A7A44-F2C5-4851-9125-E2F7167CDD4F}.PSM|Mixed Platforms.ActiveCfg = Release|x86
		{347A7A44-F2C5-4851-9125-E2F7167CDD4F}.PSM|Mixed Platforms.Build.0 = Release|x86
		{347A7A44-F2C5-4851-9125-E2F7167CDD4F}.PSM|x86.ActiveCfg = Release|x86
		{347A7A44-F2C5-4851-9125-E2F7167CDD4F}.PSM|x86.Build.0 = Release|x86
		{347A7A44-F2C5-4851-9125-E2F7167CDD4F}.Release|Any CPU.ActiveCfg = Release|x86
		{347A7A44-F2C5-4851-9125-E2F7167CDD4F}.Release|Mixed Platforms.ActiveCfg = Release|x86
		{347A7A44-F2C5-4851-9125-E2F7167CDD4F}.Release|Mixed Platforms.Build.0 = Release|x86
		{347A7A44-F2C5-4851-9125-E2F7167CDD4F}.Release|x86.ActiveCfg = Release|x86
		{347A7A44-F2C5-4851-9125-E2F7167CDD4F}.Release|x86.Build.0 = Release|x86
		{347A7A44-F2C5-4851-9125-E2F7167CDD4F}.Windows|Any CPU.ActiveCfg = Release|x86
		{347A7A44-F2C5-4851-9125-E2F7167CDD4F}.Windows|Mixed Platforms.ActiveCfg = Release|x86
		{347A7A44-F2C5-4851-9125-E2F7167CDD4F}.Windows|Mixed Platforms.Build.0 = Release|x86
		{347A7A44-F2C5-4851-9125-E2F7167CDD4F}.Windows|x86.ActiveCfg = Release|x86
		{347A7A44-F2C5-4851-9125-E2F7167CDD4F}.Windows|x86.Build.0 = Release|x86
		{347A7A44-F2C5-4851-9125-E2F7167CDD4F}.Windows8|Any CPU.ActiveCfg = Release|x86
		{347A7A44-F2C5-4851-9125-E2F7167CDD4F}.Windows8|Mixed Platforms.ActiveCfg = Release|x86
		{347A7A44-F2C5-4851-9125-E2F7167CDD4F}.Windows8|Mixed Platforms.Build.0 = Release|x86
		{347A7A44-F2C5-4851-9125-E2F7167CDD4F}.Windows8|x86.ActiveCfg = Release|x86
		{347A7A44-F2C5-4851-9125-E2F7167CDD4F}.Windows8|x86.Build.0 = Release|x86
		{F3AF63E1-AB4E-CB7E-C795-0184707DB424}.Android|Any CPU.ActiveCfg = Release|Any CPU
		{F3AF63E1-AB4E-CB7E-C795-0184707DB424}.Android|Any CPU.Build.0 = Release|Any CPU
		{F3AF63E1-AB4E-CB7E-C795-0184707DB424}.Android|Mixed Platforms.ActiveCfg = Release|Any CPU
		{F3AF63E1-AB4E-CB7E-C795-0184707DB424}.Android|Mixed Platforms.Build.0 = Release|Any CPU
		{F3AF63E1-AB4E-CB7E-C795-0184707DB424}.Android|x86.ActiveCfg = Release|Any CPU
		{F3AF63E1-AB4E-CB7E-C795-0184707DB424}.Android|x86.Build.0 = Release|Any CPU
		{F3AF63E1-AB4E-CB7E-C795-0184707DB424}.Debug|Any CPU.ActiveCfg = Debug|Any CPU
		{F3AF63E1-AB4E-CB7E-C795-0184707DB424}.Debug|Any CPU.Build.0 = Debug|Any CPU
		{F3AF63E1-AB4E-CB7E-C795-0184707DB424}.Debug|Mixed Platforms.ActiveCfg = Debug|Any CPU
		{F3AF63E1-AB4E-CB7E-C795-0184707DB424}.Debug|Mixed Platforms.Build.0 = Debug|Any CPU
		{F3AF63E1-AB4E-CB7E-C795-0184707DB424}.Debug|x86.ActiveCfg = Debug|Any CPU
		{F3AF63E1-AB4E-CB7E-C795-0184707DB424}.Debug|x86.Build.0 = Debug|Any CPU
		{F3AF63E1-AB4E-CB7E-C795-0184707DB424}.iOS|Any CPU.ActiveCfg = Debug|Any CPU
		{F3AF63E1-AB4E-CB7E-C795-0184707DB424}.iOS|Any CPU.Build.0 = Debug|Any CPU
		{F3AF63E1-AB4E-CB7E-C795-0184707DB424}.iOS|Mixed Platforms.ActiveCfg = Debug|Any CPU
		{F3AF63E1-AB4E-CB7E-C795-0184707DB424}.iOS|Mixed Platforms.Build.0 = Debug|Any CPU
		{F3AF63E1-AB4E-CB7E-C795-0184707DB424}.iOS|x86.ActiveCfg = Debug|Any CPU
		{F3AF63E1-AB4E-CB7E-C795-0184707DB424}.iOS|x86.Build.0 = Debug|Any CPU
		{F3AF63E1-AB4E-CB7E-C795-0184707DB424}.Linux|Any CPU.ActiveCfg = Release|Any CPU
		{F3AF63E1-AB4E-CB7E-C795-0184707DB424}.Linux|Any CPU.Build.0 = Release|Any CPU
		{F3AF63E1-AB4E-CB7E-C795-0184707DB424}.Linux|Mixed Platforms.ActiveCfg = Release|Any CPU
		{F3AF63E1-AB4E-CB7E-C795-0184707DB424}.Linux|Mixed Platforms.Build.0 = Release|Any CPU
		{F3AF63E1-AB4E-CB7E-C795-0184707DB424}.Linux|x86.ActiveCfg = Release|Any CPU
		{F3AF63E1-AB4E-CB7E-C795-0184707DB424}.Linux|x86.Build.0 = Release|Any CPU
		{F3AF63E1-AB4E-CB7E-C795-0184707DB424}.OSX|Any CPU.ActiveCfg = Debug|Any CPU
		{F3AF63E1-AB4E-CB7E-C795-0184707DB424}.OSX|Any CPU.Build.0 = Debug|Any CPU
		{F3AF63E1-AB4E-CB7E-C795-0184707DB424}.OSX|Mixed Platforms.ActiveCfg = Debug|Any CPU
		{F3AF63E1-AB4E-CB7E-C795-0184707DB424}.OSX|Mixed Platforms.Build.0 = Debug|Any CPU
		{F3AF63E1-AB4E-CB7E-C795-0184707DB424}.OSX|x86.ActiveCfg = Debug|Any CPU
		{F3AF63E1-AB4E-CB7E-C795-0184707DB424}.OSX|x86.Build.0 = Debug|Any CPU
		{F3AF63E1-AB4E-CB7E-C795-0184707DB424}.PSM|Any CPU.ActiveCfg = Debug|Any CPU
		{F3AF63E1-AB4E-CB7E-C795-0184707DB424}.PSM|Any CPU.Build.0 = Debug|Any CPU
		{F3AF63E1-AB4E-CB7E-C795-0184707DB424}.PSM|Mixed Platforms.ActiveCfg = Debug|Any CPU
		{F3AF63E1-AB4E-CB7E-C795-0184707DB424}.PSM|Mixed Platforms.Build.0 = Debug|Any CPU
		{F3AF63E1-AB4E-CB7E-C795-0184707DB424}.PSM|x86.ActiveCfg = Debug|Any CPU
		{F3AF63E1-AB4E-CB7E-C795-0184707DB424}.PSM|x86.Build.0 = Debug|Any CPU
		{F3AF63E1-AB4E-CB7E-C795-0184707DB424}.Release|Any CPU.ActiveCfg = Release|Any CPU
		{F3AF63E1-AB4E-CB7E-C795-0184707DB424}.Release|Any CPU.Build.0 = Release|Any CPU
		{F3AF63E1-AB4E-CB7E-C795-0184707DB424}.Release|Mixed Platforms.ActiveCfg = Release|Any CPU
		{F3AF63E1-AB4E-CB7E-C795-0184707DB424}.Release|Mixed Platforms.Build.0 = Release|Any CPU
		{F3AF63E1-AB4E-CB7E-C795-0184707DB424}.Release|x86.ActiveCfg = Release|Any CPU
		{F3AF63E1-AB4E-CB7E-C795-0184707DB424}.Release|x86.Build.0 = Release|Any CPU
		{F3AF63E1-AB4E-CB7E-C795-0184707DB424}.Windows|Any CPU.ActiveCfg = Release|Any CPU
		{F3AF63E1-AB4E-CB7E-C795-0184707DB424}.Windows|Any CPU.Build.0 = Release|Any CPU
		{F3AF63E1-AB4E-CB7E-C795-0184707DB424}.Windows|Mixed Platforms.ActiveCfg = Release|Any CPU
		{F3AF63E1-AB4E-CB7E-C795-0184707DB424}.Windows|Mixed Platforms.Build.0 = Release|Any CPU
		{F3AF63E1-AB4E-CB7E-C795-0184707DB424}.Windows|x86.ActiveCfg = Release|Any CPU
		{F3AF63E1-AB4E-CB7E-C795-0184707DB424}.Windows|x86.Build.0 = Release|Any CPU
		{F3AF63E1-AB4E-CB7E-C795-0184707DB424}.Windows8|Any CPU.ActiveCfg = Release|Any CPU
		{F3AF63E1-AB4E-CB7E-C795-0184707DB424}.Windows8|Any CPU.Build.0 = Release|Any CPU
		{F3AF63E1-AB4E-CB7E-C795-0184707DB424}.Windows8|Mixed Platforms.ActiveCfg = Release|Any CPU
		{F3AF63E1-AB4E-CB7E-C795-0184707DB424}.Windows8|Mixed Platforms.Build.0 = Release|Any CPU
		{F3AF63E1-AB4E-CB7E-C795-0184707DB424}.Windows8|x86.ActiveCfg = Release|Any CPU
		{F3AF63E1-AB4E-CB7E-C795-0184707DB424}.Windows8|x86.Build.0 = Release|Any CPU
		{4F98E265-339C-648C-0A79-FF113AD8EFE2}.Android|Any CPU.ActiveCfg = Release|Any CPU
		{4F98E265-339C-648C-0A79-FF113AD8EFE2}.Android|Any CPU.Build.0 = Release|Any CPU
		{4F98E265-339C-648C-0A79-FF113AD8EFE2}.Android|Mixed Platforms.ActiveCfg = Release|Any CPU
		{4F98E265-339C-648C-0A79-FF113AD8EFE2}.Android|Mixed Platforms.Build.0 = Release|Any CPU
		{4F98E265-339C-648C-0A79-FF113AD8EFE2}.Android|x86.ActiveCfg = Release|Any CPU
		{4F98E265-339C-648C-0A79-FF113AD8EFE2}.Android|x86.Build.0 = Release|Any CPU
		{4F98E265-339C-648C-0A79-FF113AD8EFE2}.Debug|Any CPU.ActiveCfg = Debug|Any CPU
		{4F98E265-339C-648C-0A79-FF113AD8EFE2}.Debug|Any CPU.Build.0 = Debug|Any CPU
		{4F98E265-339C-648C-0A79-FF113AD8EFE2}.Debug|Mixed Platforms.ActiveCfg = Debug|Any CPU
		{4F98E265-339C-648C-0A79-FF113AD8EFE2}.Debug|Mixed Platforms.Build.0 = Debug|Any CPU
		{4F98E265-339C-648C-0A79-FF113AD8EFE2}.Debug|x86.ActiveCfg = Debug|Any CPU
		{4F98E265-339C-648C-0A79-FF113AD8EFE2}.Debug|x86.Build.0 = Debug|Any CPU
		{4F98E265-339C-648C-0A79-FF113AD8EFE2}.iOS|Any CPU.ActiveCfg = Debug|Any CPU
		{4F98E265-339C-648C-0A79-FF113AD8EFE2}.iOS|Any CPU.Build.0 = Debug|Any CPU
		{4F98E265-339C-648C-0A79-FF113AD8EFE2}.iOS|Mixed Platforms.ActiveCfg = Debug|Any CPU
		{4F98E265-339C-648C-0A79-FF113AD8EFE2}.iOS|Mixed Platforms.Build.0 = Debug|Any CPU
		{4F98E265-339C-648C-0A79-FF113AD8EFE2}.iOS|x86.ActiveCfg = Debug|Any CPU
		{4F98E265-339C-648C-0A79-FF113AD8EFE2}.iOS|x86.Build.0 = Debug|Any CPU
		{4F98E265-339C-648C-0A79-FF113AD8EFE2}.Linux|Any CPU.ActiveCfg = Release|Any CPU
		{4F98E265-339C-648C-0A79-FF113AD8EFE2}.Linux|Any CPU.Build.0 = Release|Any CPU
		{4F98E265-339C-648C-0A79-FF113AD8EFE2}.Linux|Mixed Platforms.ActiveCfg = Release|Any CPU
		{4F98E265-339C-648C-0A79-FF113AD8EFE2}.Linux|Mixed Platforms.Build.0 = Release|Any CPU
		{4F98E265-339C-648C-0A79-FF113AD8EFE2}.Linux|x86.ActiveCfg = Release|Any CPU
		{4F98E265-339C-648C-0A79-FF113AD8EFE2}.Linux|x86.Build.0 = Release|Any CPU
		{4F98E265-339C-648C-0A79-FF113AD8EFE2}.OSX|Any CPU.ActiveCfg = Debug|Any CPU
		{4F98E265-339C-648C-0A79-FF113AD8EFE2}.OSX|Any CPU.Build.0 = Debug|Any CPU
		{4F98E265-339C-648C-0A79-FF113AD8EFE2}.OSX|Mixed Platforms.ActiveCfg = Debug|Any CPU
		{4F98E265-339C-648C-0A79-FF113AD8EFE2}.OSX|Mixed Platforms.Build.0 = Debug|Any CPU
		{4F98E265-339C-648C-0A79-FF113AD8EFE2}.OSX|x86.ActiveCfg = Debug|Any CPU
		{4F98E265-339C-648C-0A79-FF113AD8EFE2}.OSX|x86.Build.0 = Debug|Any CPU
		{4F98E265-339C-648C-0A79-FF113AD8EFE2}.PSM|Any CPU.ActiveCfg = Debug|Any CPU
		{4F98E265-339C-648C-0A79-FF113AD8EFE2}.PSM|Any CPU.Build.0 = Debug|Any CPU
		{4F98E265-339C-648C-0A79-FF113AD8EFE2}.PSM|Mixed Platforms.ActiveCfg = Debug|Any CPU
		{4F98E265-339C-648C-0A79-FF113AD8EFE2}.PSM|Mixed Platforms.Build.0 = Debug|Any CPU
		{4F98E265-339C-648C-0A79-FF113AD8EFE2}.PSM|x86.ActiveCfg = Debug|Any CPU
		{4F98E265-339C-648C-0A79-FF113AD8EFE2}.PSM|x86.Build.0 = Debug|Any CPU
		{4F98E265-339C-648C-0A79-FF113AD8EFE2}.Release|Any CPU.ActiveCfg = Release|Any CPU
		{4F98E265-339C-648C-0A79-FF113AD8EFE2}.Release|Any CPU.Build.0 = Release|Any CPU
		{4F98E265-339C-648C-0A79-FF113AD8EFE2}.Release|Mixed Platforms.ActiveCfg = Release|Any CPU
		{4F98E265-339C-648C-0A79-FF113AD8EFE2}.Release|Mixed Platforms.Build.0 = Release|Any CPU
		{4F98E265-339C-648C-0A79-FF113AD8EFE2}.Release|x86.ActiveCfg = Release|Any CPU
		{4F98E265-339C-648C-0A79-FF113AD8EFE2}.Release|x86.Build.0 = Release|Any CPU
		{4F98E265-339C-648C-0A79-FF113AD8EFE2}.Windows|Any CPU.ActiveCfg = Release|Any CPU
		{4F98E265-339C-648C-0A79-FF113AD8EFE2}.Windows|Any CPU.Build.0 = Release|Any CPU
		{4F98E265-339C-648C-0A79-FF113AD8EFE2}.Windows|Mixed Platforms.ActiveCfg = Release|Any CPU
		{4F98E265-339C-648C-0A79-FF113AD8EFE2}.Windows|Mixed Platforms.Build.0 = Release|Any CPU
		{4F98E265-339C-648C-0A79-FF113AD8EFE2}.Windows|x86.ActiveCfg = Release|Any CPU
		{4F98E265-339C-648C-0A79-FF113AD8EFE2}.Windows|x86.Build.0 = Release|Any CPU
		{4F98E265-339C-648C-0A79-FF113AD8EFE2}.Windows8|Any CPU.ActiveCfg = Release|Any CPU
		{4F98E265-339C-648C-0A79-FF113AD8EFE2}.Windows8|Any CPU.Build.0 = Release|Any CPU
		{4F98E265-339C-648C-0A79-FF113AD8EFE2}.Windows8|Mixed Platforms.ActiveCfg = Release|Any CPU
		{4F98E265-339C-648C-0A79-FF113AD8EFE2}.Windows8|Mixed Platforms.Build.0 = Release|Any CPU
		{4F98E265-339C-648C-0A79-FF113AD8EFE2}.Windows8|x86.ActiveCfg = Release|Any CPU
		{4F98E265-339C-648C-0A79-FF113AD8EFE2}.Windows8|x86.Build.0 = Release|Any CPU
	EndGlobalSection
	GlobalSection(SolutionProperties) = preSolution
		HideSolutionNode = FALSE
	EndGlobalSection
	GlobalSection(ExtensibilityGlobals) = postSolution
		SolutionGuid = {0D2A7BC1-374E-4359-AE1C-0FB485DDA2DA}
	EndGlobalSection
EndGlobal
